
Microsoft Visual Studio Solution File, Format Version 12.00
# Visual Studio 15
VisualStudioVersion = 15.0.27004.2010
MinimumVisualStudioVersion = 10.0.40219.1
Project("{FAE04EC0-301F-11D3-BF4B-00C04F79EFBC}") = "RetirementApp", "RetirementApp\RetirementApp.csproj", "{9AAD8334-A10A-4FB3-8454-F70AF05AB907}"
EndProject
Project("{2150E333-8FDC-42A3-9474-1A3956D46DE8}") = "Referenced Projects", "Referenced Projects", "{0691CCB3-2C6F-4FE4-B521-8A1F3E8C55E7}"
EndProject
Project("{FAE04EC0-301F-11D3-BF4B-00C04F79EFBC}") = "Lib.Common", "..\Lib.Common\Lib.Common\Lib.Common.csproj", "{EF2DEC7E-BF71-4DD5-9263-AD1B694DB2E7}"
EndProject
Global
	GlobalSection(SolutionConfigurationPlatforms) = preSolution
		Debug|Any CPU = Debug|Any CPU
		Release|Any CPU = Release|Any CPU
	EndGlobalSection
	GlobalSection(ProjectConfigurationPlatforms) = postSolution
		{9AAD8334-A10A-4FB3-8454-F70AF05AB907}.Debug|Any CPU.ActiveCfg = Debug|Any CPU
		{9AAD8334-A10A-4FB3-8454-F70AF05AB907}.Debug|Any CPU.Build.0 = Debug|Any CPU
		{9AAD8334-A10A-4FB3-8454-F70AF05AB907}.Release|Any CPU.ActiveCfg = Release|Any CPU
		{9AAD8334-A10A-4FB3-8454-F70AF05AB907}.Release|Any CPU.Build.0 = Release|Any CPU
		{EF2DEC7E-BF71-4DD5-9263-AD1B694DB2E7}.Debug|Any CPU.ActiveCfg = Debug|Any CPU
		{EF2DEC7E-BF71-4DD5-9263-AD1B694DB2E7}.Debug|Any CPU.Build.0 = Debug|Any CPU
		{EF2DEC7E-BF71-4DD5-9263-AD1B694DB2E7}.Release|Any CPU.ActiveCfg = Release|Any CPU
		{EF2DEC7E-BF71-4DD5-9263-AD1B694DB2E7}.Release|Any CPU.Build.0 = Release|Any CPU
	EndGlobalSection
	GlobalSection(SolutionProperties) = preSolution
		HideSolutionNode = FALSE
	EndGlobalSection
	GlobalSection(NestedProjects) = preSolution
		{EF2DEC7E-BF71-4DD5-9263-AD1B694DB2E7} = {0691CCB3-2C6F-4FE4-B521-8A1F3E8C55E7}
	EndGlobalSection
	GlobalSection(ExtensibilityGlobals) = postSolution
		SolutionGuid = {B94E9CDB-9BBA-4437-A7F9-F8838A0FFF23}
	EndGlobalSection
	GlobalSection(TeamFoundationVersionControl) = preSolution
		SccNumberOfProjects = 1
		SccEnterpriseProvider = {4CA58AB2-18FA-4F8D-95D4-32DDF27D184C}
		SccTeamFoundationServer = https://ado.navitus.local/tfs/lumicera%20application%20library
		SccProjectUniqueName0 = ..\\Lib.Common\\Lib.Common\\Lib.Common.csproj
		SccProjectTopLevelParentUniqueName0 = RetirementApp.sln
		SccProjectName0 = ../Lib.Common/Lib.Common
		SccAuxPath0 = https://ado.navitus.local/tfs/lumicera%20application%20library
		SccLocalPath0 = ..\\Lib.Common\\Lib.Common
		SccProvider0 = {4CA58AB2-18FA-4F8D-95D4-32DDF27D184C}
	EndGlobalSection
EndGlobal
